{
  "name": "miniprogram-test-1",
  "version": "1.0.0",
  "lockfileVersion": 1,
  "requires": true,
  "dependencies": {
    "https": {
      "version": "1.0.0",
      "resolved": "https://registry.npmjs.org/https/-/https-1.0.0.tgz",
      "integrity": "sha1-PDfHrhqO65ZpBKKtHpdaGUt+06Q="
    },
    "punycode": {
      "version": "1.3.2",
      "resolved": "https://registry.npmjs.org/punycode/-/punycode-1.3.2.tgz",
      "integrity": "sha1-llOgNvt8HuQjQvIyXM7v6jkmxI0="
    },
    "querystring": {
      "version": "0.2.0",
      "resolved": "https://registry.npmjs.org/querystring/-/querystring-0.2.0.tgz",
      "integrity": "sha1-sgmEkgO7Jd+CDadW50cAWHhSFiA="
    },
    "tealium": {
      "version": "5.0.3",
      "resolved": "https://registry.npmjs.org/tealium/-/tealium-5.0.3.tgz",
      "integrity": "sha512-x0bMpS9wfiiiOtkcwMOuCnfKa4wCJpfWf2b16GjMZu4+MTVSDMKK6QgfRdL1GU8iOv/xQYhE2YkTzl6FoRJdVw=="
    },
    "tealium-collect": {
      "version": "1.0.3",
      "resolved": "https://registry.npmjs.org/tealium-collect/-/tealium-collect-1.0.3.tgz",
      "integrity": "sha512-3jnx+MDFkzlUDk0CcXLtVNbk7JqPY2m5d7WAKPZaRpsrjCVE7tpwRRP0hjWHs9PwR77I1eVqAE0e0HHP0ZiQ1Q==",
      "requires": {
        "tealium": "^5.0.3"
      }
    },
    "tealium-react-native": {
      "version": "1.0.2",
      "resolved": "https://registry.npmjs.org/tealium-react-native/-/tealium-react-native-1.0.2.tgz",
      "integrity": "sha512-ry7o3XkHqyJTDduuXWKkVfPpRrSM4gDpaIsp70HAPjcYNNeURrhHGN+cSUDX58Sc0BXmoq5aStViE8e3mg+PaA=="
    },
    "url": {
      "version": "0.11.0",
      "resolved": "https://registry.npmjs.org/url/-/url-0.11.0.tgz",
      "integrity": "sha1-ODjpfPxgUh63PFJajlW/3Z4uKPE=",
      "requires": {
        "punycode": "1.3.2",
        "querystring": "0.2.0"
      }
    }
  }
}
